
Microsoft Visual Studio Solution File, Format Version 12.00
# Visual Studio 15
VisualStudioVersion = 15.0.27130.2027
MinimumVisualStudioVersion = 10.0.40219.1
Project("{FAE04EC0-301F-11D3-BF4B-00C04F79EFBC}") = "BrailleDecored", "BrailleDecored\BrailleDecored.csproj", "{EECDCE38-933C-4894-AD0B-3C5195BE05A0}"
EndProject
Global
	GlobalSection(SolutionConfigurationPlatforms) = preSolution
		Debug|Any CPU = Debug|Any CPU
		Release|Any CPU = Release|Any CPU
	EndGlobalSection
	GlobalSection(ProjectConfigurationPlatforms) = postSolution
		{EECDCE38-933C-4894-AD0B-3C5195BE05A0}.Debug|Any CPU.ActiveCfg = Debug|Any CPU
		{EECDCE38-933C-4894-AD0B-3C5195BE05A0}.Debug|Any CPU.Build.0 = Debug|Any CPU
		{EECDCE38-933C-4894-AD0B-3C5195BE05A0}.Release|Any CPU.ActiveCfg = Release|Any CPU
		{EECDCE38-933C-4894-AD0B-3C5195BE05A0}.Release|Any CPU.Build.0 = Release|Any CPU
	EndGlobalSection
	GlobalSection(SolutionProperties) = preSolution
		HideSolutionNode = FALSE
	EndGlobalSection
	GlobalSection(ExtensibilityGlobals) = postSolution
		SolutionGuid = {B160AE03-F14C-4B65-838C-5873034AC8C2}
	EndGlobalSection
EndGlobal
